
Microsoft Visual Studio Solution File, Format Version 12.00
# Visual Studio 15
Project("{FAE04EC0-301F-11D3-BF4B-00C04F79EFBC}") = "Assembly-CSharp", "Assembly-CSharp.csproj", "{15163F23-DB5E-8D38-C472-C0DC90C14873}"
EndProject
Global
	GlobalSection(SolutionConfigurationPlatforms) = preSolution
		Debug|Any CPU = Debug|Any CPU
		Release|Any CPU = Release|Any CPU
	EndGlobalSection
	GlobalSection(ProjectConfigurationPlatforms) = postSolution
		{15163F23-DB5E-8D38-C472-C0DC90C14873}.Debug|Any CPU.ActiveCfg = Debug|Any CPU
		{15163F23-DB5E-8D38-C472-C0DC90C14873}.Debug|Any CPU.Build.0 = Debug|Any CPU
		{15163F23-DB5E-8D38-C472-C0DC90C14873}.Release|Any CPU.ActiveCfg = Release|Any CPU
		{15163F23-DB5E-8D38-C472-C0DC90C14873}.Release|Any CPU.Build.0 = Release|Any CPU
	EndGlobalSection
	GlobalSection(SolutionProperties) = preSolution
		HideSolutionNode = FALSE
	EndGlobalSection
EndGlobal
